<?xml version="1.0" encoding="utf-8"?>
<Project ToolsVersion="4.0" xmlns="http://schemas.microsoft.com/developer/msbuild/2003">
  <ItemGroup>
    <Filter Include="소스 파일">
      <UniqueIdentifier>{4FC737F1-C7A5-4376-A066-2A32D752A2FF}</UniqueIdentifier>
      <Extensions>cpp;c;cc;cxx;c++;cppm;ixx;def;odl;idl;hpj;bat;asm;asmx</Extensions>
    </Filter>
    <Filter Include="헤더 파일">
      <UniqueIdentifier>{93995380-89BD-4b04-88EB-625FBE52EBFB}</UniqueIdentifier>
      <Extensions>h;hh;hpp;hxx;h++;hm;inl;inc;ipp;xsd</Extensions>
    </Filter>
    <Filter Include="리소스 파일">
      <UniqueIdentifier>{67DA6AB6-F800-4c08-8B7A-83BB121AAD01}</UniqueIdentifier>
      <Extensions>rc;ico;cur;bmp;dlg;rc2;rct;bin;rgs;gif;jpg;jpeg;jpe;resx;tiff;tif;png;wav;mfcribbon-ms</Extensions>
    </Filter>
    <Filter Include="Source">
      <UniqueIdentifier>{e50ac185-e519-4161-bcb1-453df90042fa}</UniqueIdentifier>
    </Filter>
    <Filter Include="StageInfoData">
      <UniqueIdentifier>{5a2a82b8-6a56-4e50-b28a-4007bae25c5a}</UniqueIdentifier>
    </Filter>
    <Filter Include="CoreInGame">
      <UniqueIdentifier>{9acde605-c5c5-41c8-9eaf-3939e4b17776}</UniqueIdentifier>
    </Filter>
    <Filter Include="Actors">
      <UniqueIdentifier>{218535ad-c8f6-4bd2-a223-1d1b049e5327}</UniqueIdentifier>
    </Filter>
    <Filter Include="Actors\Zombies">
      <UniqueIdentifier>{384d3ce7-c477-449b-abb4-3c93553235c0}</UniqueIdentifier>
    </Filter>
    <Filter Include="Actors\Plants">
      <UniqueIdentifier>{adf04950-9c85-404c-900b-2b8cea93b03a}</UniqueIdentifier>
    </Filter>
    <Filter Include="Manager">
      <UniqueIdentifier>{e068481b-4b2e-4f9a-8afb-4f3b6d582e8d}</UniqueIdentifier>
    </Filter>
    <Filter Include="Actors\Interaction">
      <UniqueIdentifier>{b501852d-8bdf-4f13-8e27-448046005088}</UniqueIdentifier>
    </Filter>
    <Filter Include="Actors\Manager">
      <UniqueIdentifier>{2a0f2fdb-b651-48db-bd1d-4608ab22b7d5}</UniqueIdentifier>
    </Filter>
  </ItemGroup>
  <ItemGroup>
    <ClInclude Include="framework.h">
      <Filter>헤더 파일</Filter>
    </ClInclude>
    <ClInclude Include="targetver.h">
      <Filter>헤더 파일</Filter>
    </ClInclude>
    <ClInclude Include="Resource.h">
      <Filter>헤더 파일</Filter>
    </ClInclude>
    <ClInclude Include="PVSZ.h">
      <Filter>헤더 파일</Filter>
    </ClInclude>
    <ClInclude Include="InGame_PVSZ.h">
      <Filter>Source</Filter>
    </ClInclude>
    <ClInclude Include="BGImageCom.h">
      <Filter>CoreInGame</Filter>
    </ClInclude>
    <ClInclude Include="Stage01.h">
      <Filter>StageInfoData</Filter>
    </ClInclude>
    <ClInclude Include="PlantSelectCom.h">
      <Filter>CoreInGame</Filter>
    </ClInclude>
    <ClInclude Include="UI_TopSelectPanelCom.h">
      <Filter>CoreInGame</Filter>
    </ClInclude>
    <ClInclude Include="UI_SelectBTNCom.h">
      <Filter>CoreInGame</Filter>
    </ClInclude>
    <ClInclude Include="PVSZ_AllContentDatas.h">
      <Filter>CoreInGame</Filter>
    </ClInclude>
    <ClInclude Include="Plant_PeaShooter.h">
      <Filter>Actors\Plants</Filter>
    </ClInclude>
    <ClInclude Include="Pea_Com.h">
      <Filter>Actors\Plants</Filter>
    </ClInclude>
    <ClInclude Include="Sunflower_Com.h">
      <Filter>Actors\Plants</Filter>
    </ClInclude>
    <ClInclude Include="Sun_Com.h">
      <Filter>Actors\Plants</Filter>
    </ClInclude>
    <ClInclude Include="Actor_State_Com.h">
      <Filter>Actors</Filter>
    </ClInclude>
    <ClInclude Include="InGameDefineDatas.h">
      <Filter>Actors</Filter>
    </ClInclude>
    <ClInclude Include="ObjectPoolManager.h">
      <Filter>Manager</Filter>
    </ClInclude>
    <ClInclude Include="Move_Com.h">
      <Filter>Actors\Interaction</Filter>
    </ClInclude>
    <ClInclude Include="Base_ZombiActor.h">
      <Filter>Actors\Zombies</Filter>
    </ClInclude>
    <ClInclude Include="NormalZombie.h">
      <Filter>Actors\Zombies</Filter>
    </ClInclude>
    <ClInclude Include="ZombieFactoryManager.h">
      <Filter>Actors\Manager</Filter>
    </ClInclude>
    <ClInclude Include="StageWaveManager.h">
      <Filter>Manager</Filter>
    </ClInclude>
    <ClInclude Include="StageInfo_WaveData.h">
      <Filter>CoreInGame</Filter>
    </ClInclude>
  </ItemGroup>
  <ItemGroup>
    <ClCompile Include="PVSZ.cpp">
      <Filter>소스 파일</Filter>
    </ClCompile>
    <ClCompile Include="InGame_PVSZ.cpp">
      <Filter>Source</Filter>
    </ClCompile>
    <ClCompile Include="BGImageCom.cpp">
      <Filter>CoreInGame</Filter>
    </ClCompile>
    <ClCompile Include="Stage01.cpp">
      <Filter>StageInfoData</Filter>
    </ClCompile>
    <ClCompile Include="PlantSelectCom.cpp">
      <Filter>CoreInGame</Filter>
    </ClCompile>
    <ClCompile Include="UI_TopSelectPanelCom.cpp">
      <Filter>CoreInGame</Filter>
    </ClCompile>
    <ClCompile Include="UI_SelectBTNCom.cpp">
      <Filter>CoreInGame</Filter>
    </ClCompile>
    <ClCompile Include="Plant_PeaShooter.cpp">
      <Filter>Actors\Plants</Filter>
    </ClCompile>
    <ClCompile Include="Pea_Com.cpp">
      <Filter>Actors\Plants</Filter>
    </ClCompile>
    <ClCompile Include="Sunflower_Com.cpp">
      <Filter>Actors\Plants</Filter>
    </ClCompile>
    <ClCompile Include="Sun_Com.cpp">
      <Filter>Actors\Plants</Filter>
    </ClCompile>
    <ClCompile Include="Actor_State_Com.cpp">
      <Filter>Actors</Filter>
    </ClCompile>
    <ClCompile Include="ObjectPoolManager.cpp">
      <Filter>Manager</Filter>
    </ClCompile>
    <ClCompile Include="Move_Com.cpp">
      <Filter>Actors\Interaction</Filter>
    </ClCompile>
    <ClCompile Include="Base_ZombiActor.cpp">
      <Filter>Actors\Zombies</Filter>
    </ClCompile>
    <ClCompile Include="NormalZombie.cpp">
      <Filter>Actors\Zombies</Filter>
    </ClCompile>
    <ClCompile Include="ZombieFactoryManager.cpp">
      <Filter>Actors\Manager</Filter>
    </ClCompile>
    <ClCompile Include="StageWaveManager.cpp">
      <Filter>Manager</Filter>
    </ClCompile>
    <ClCompile Include="StageInfo_WaveData.cpp">
      <Filter>CoreInGame</Filter>
    </ClCompile>
  </ItemGroup>
  <ItemGroup>
    <ResourceCompile Include="PVSZ.rc">
      <Filter>리소스 파일</Filter>
    </ResourceCompile>
  </ItemGroup>
  <ItemGroup>
    <Image Include="small.ico">
      <Filter>리소스 파일</Filter>
    </Image>
    <Image Include="PVSZ.ico">
      <Filter>리소스 파일</Filter>
    </Image>
  </ItemGroup>
</Project>