<?xml version="1.0" encoding="utf-8"?>
<Project ToolsVersion="4.0" xmlns="http://schemas.microsoft.com/developer/msbuild/2003">
  <ItemGroup>
    <Filter Include="소스 파일">
      <UniqueIdentifier>{4FC737F1-C7A5-4376-A066-2A32D752A2FF}</UniqueIdentifier>
      <Extensions>cpp;c;cc;cxx;c++;cppm;ixx;def;odl;idl;hpj;bat;asm;asmx</Extensions>
    </Filter>
    <Filter Include="헤더 파일">
      <UniqueIdentifier>{93995380-89BD-4b04-88EB-625FBE52EBFB}</UniqueIdentifier>
      <Extensions>h;hh;hpp;hxx;h++;hm;inl;inc;ipp;xsd</Extensions>
    </Filter>
    <Filter Include="리소스 파일">
      <UniqueIdentifier>{67DA6AB6-F800-4c08-8B7A-83BB121AAD01}</UniqueIdentifier>
      <Extensions>rc;ico;cur;bmp;dlg;rc2;rct;bin;rgs;gif;jpg;jpeg;jpe;resx;tiff;tif;png;wav;mfcribbon-ms</Extensions>
    </Filter>
    <Filter Include="Source">
      <UniqueIdentifier>{e50ac185-e519-4161-bcb1-453df90042fa}</UniqueIdentifier>
    </Filter>
    <Filter Include="Plants">
      <UniqueIdentifier>{adf04950-9c85-404c-900b-2b8cea93b03a}</UniqueIdentifier>
    </Filter>
    <Filter Include="Zombies">
      <UniqueIdentifier>{384d3ce7-c477-449b-abb4-3c93553235c0}</UniqueIdentifier>
    </Filter>
    <Filter Include="StageInfoData">
      <UniqueIdentifier>{5a2a82b8-6a56-4e50-b28a-4007bae25c5a}</UniqueIdentifier>
    </Filter>
    <Filter Include="CoreInGame">
      <UniqueIdentifier>{9acde605-c5c5-41c8-9eaf-3939e4b17776}</UniqueIdentifier>
    </Filter>
  </ItemGroup>
  <ItemGroup>
    <ClInclude Include="framework.h">
      <Filter>헤더 파일</Filter>
    </ClInclude>
    <ClInclude Include="targetver.h">
      <Filter>헤더 파일</Filter>
    </ClInclude>
    <ClInclude Include="Resource.h">
      <Filter>헤더 파일</Filter>
    </ClInclude>
    <ClInclude Include="PVSZ.h">
      <Filter>헤더 파일</Filter>
    </ClInclude>
    <ClInclude Include="InGame_PVSZ.h">
      <Filter>Source</Filter>
    </ClInclude>
    <ClInclude Include="BGImageCom.h">
      <Filter>CoreInGame</Filter>
    </ClInclude>
    <ClInclude Include="Stage01.h">
      <Filter>StageInfoData</Filter>
    </ClInclude>
    <ClInclude Include="PlantSelectCom.h">
      <Filter>CoreInGame</Filter>
    </ClInclude>
    <ClInclude Include="UI_TopSelectPanelCom.h">
      <Filter>CoreInGame</Filter>
    </ClInclude>
    <ClInclude Include="UI_SelectBTNCom.h">
      <Filter>CoreInGame</Filter>
    </ClInclude>
    <ClInclude Include="PVSZ_AllContentDatas.h">
      <Filter>CoreInGame</Filter>
    </ClInclude>
  </ItemGroup>
  <ItemGroup>
    <ClCompile Include="PVSZ.cpp">
      <Filter>소스 파일</Filter>
    </ClCompile>
    <ClCompile Include="InGame_PVSZ.cpp">
      <Filter>Source</Filter>
    </ClCompile>
    <ClCompile Include="BGImageCom.cpp">
      <Filter>CoreInGame</Filter>
    </ClCompile>
    <ClCompile Include="Stage01.cpp">
      <Filter>StageInfoData</Filter>
    </ClCompile>
    <ClCompile Include="PlantSelectCom.cpp">
      <Filter>CoreInGame</Filter>
    </ClCompile>
    <ClCompile Include="UI_TopSelectPanelCom.cpp">
      <Filter>CoreInGame</Filter>
    </ClCompile>
    <ClCompile Include="UI_SelectBTNCom.cpp">
      <Filter>CoreInGame</Filter>
    </ClCompile>
  </ItemGroup>
  <ItemGroup>
    <ResourceCompile Include="PVSZ.rc">
      <Filter>리소스 파일</Filter>
    </ResourceCompile>
  </ItemGroup>
  <ItemGroup>
    <Image Include="small.ico">
      <Filter>리소스 파일</Filter>
    </Image>
    <Image Include="PVSZ.ico">
      <Filter>리소스 파일</Filter>
    </Image>
  </ItemGroup>
</Project>