<?xml version="1.0" encoding="utf-8"?>
<Project ToolsVersion="4.0" xmlns="http://schemas.microsoft.com/developer/msbuild/2003">
  <ItemGroup>
    <Filter Include="소스 파일">
      <UniqueIdentifier>{4FC737F1-C7A5-4376-A066-2A32D752A2FF}</UniqueIdentifier>
      <Extensions>cpp;c;cc;cxx;c++;cppm;ixx;def;odl;idl;hpj;bat;asm;asmx</Extensions>
    </Filter>
    <Filter Include="헤더 파일">
      <UniqueIdentifier>{93995380-89BD-4b04-88EB-625FBE52EBFB}</UniqueIdentifier>
      <Extensions>h;hh;hpp;hxx;h++;hm;inl;inc;ipp;xsd</Extensions>
    </Filter>
    <Filter Include="리소스 파일">
      <UniqueIdentifier>{67DA6AB6-F800-4c08-8B7A-83BB121AAD01}</UniqueIdentifier>
      <Extensions>rc;ico;cur;bmp;dlg;rc2;rct;bin;rgs;gif;jpg;jpeg;jpe;resx;tiff;tif;png;wav;mfcribbon-ms</Extensions>
    </Filter>
    <Filter Include="Core">
      <UniqueIdentifier>{a1f4ca3e-c800-40d8-8496-aa82c13d7d23}</UniqueIdentifier>
    </Filter>
    <Filter Include="Compoment">
      <UniqueIdentifier>{c8a270f7-6375-4a66-ae56-68cbf74415ca}</UniqueIdentifier>
    </Filter>
    <Filter Include="Manager">
      <UniqueIdentifier>{8766038b-0c12-46fc-969d-270b6006b78d}</UniqueIdentifier>
    </Filter>
    <Filter Include="Input">
      <UniqueIdentifier>{114d2cd8-9314-47e5-8a34-c0caddcdb9f5}</UniqueIdentifier>
    </Filter>
    <Filter Include="Scene">
      <UniqueIdentifier>{d39cb551-a13f-4fad-857b-9e9fdeb4a8a3}</UniqueIdentifier>
    </Filter>
    <Filter Include="UICompoment">
      <UniqueIdentifier>{f26800c4-59cc-4030-a5ca-1156aaaf84a9}</UniqueIdentifier>
    </Filter>
  </ItemGroup>
  <ItemGroup>
    <ClInclude Include="framework.h">
      <Filter>헤더 파일</Filter>
    </ClInclude>
    <ClInclude Include="targetver.h">
      <Filter>헤더 파일</Filter>
    </ClInclude>
    <ClInclude Include="Resource.h">
      <Filter>헤더 파일</Filter>
    </ClInclude>
    <ClInclude Include="FrameWork_2DAPI.h">
      <Filter>헤더 파일</Filter>
    </ClInclude>
    <ClInclude Include="Core\GameObject.h">
      <Filter>Core</Filter>
    </ClInclude>
    <ClInclude Include="Core\MyTime.h">
      <Filter>Core</Filter>
    </ClInclude>
    <ClInclude Include="Compoment\Component.h">
      <Filter>Compoment</Filter>
    </ClInclude>
    <ClInclude Include="Compoment\Transform.h">
      <Filter>Compoment</Filter>
    </ClInclude>
    <ClInclude Include="Scene\Scene.h">
      <Filter>Scene</Filter>
    </ClInclude>
    <ClInclude Include="BaseGame.h">
      <Filter>헤더 파일</Filter>
    </ClInclude>
    <ClInclude Include="Core\Vector.h">
      <Filter>Core</Filter>
    </ClInclude>
    <ClInclude Include="Core\Rect.h">
      <Filter>Core</Filter>
    </ClInclude>
    <ClInclude Include="Compoment\Collider.h">
      <Filter>Compoment</Filter>
    </ClInclude>
    <ClInclude Include="Core\TimerManager.h">
      <Filter>Core</Filter>
    </ClInclude>
    <ClInclude Include="Core\InputManager.h">
      <Filter>Core</Filter>
    </ClInclude>
    <ClInclude Include="UICompoment\Button.h">
      <Filter>UICompoment</Filter>
    </ClInclude>
    <ClInclude Include="Compoment\ImageComponent.h">
      <Filter>Compoment</Filter>
    </ClInclude>
    <ClInclude Include="Core\Material.h">
      <Filter>Core</Filter>
    </ClInclude>
    <ClInclude Include="Manager\ImageManager.h">
      <Filter>Manager</Filter>
    </ClInclude>
    <ClInclude Include="Core\SingletonT.h">
      <Filter>Core</Filter>
    </ClInclude>
    <ClInclude Include="UICompoment\TextComponent.h">
      <Filter>UICompoment</Filter>
    </ClInclude>
    <ClInclude Include="Core\DefineHeader.h">
      <Filter>Core</Filter>
    </ClInclude>
    <ClInclude Include="UICompoment\RichTextComponent.h">
      <Filter>UICompoment</Filter>
    </ClInclude>
    <ClInclude Include="UICompoment\RichTextAndInputFieldComponent.h">
      <Filter>UICompoment</Filter>
    </ClInclude>
    <ClInclude Include="Compoment\Camera.h">
      <Filter>Compoment</Filter>
    </ClInclude>
    <ClInclude Include="Core\Viewport.h">
      <Filter>Core</Filter>
    </ClInclude>
    <ClInclude Include="Manager\CameraManager.h">
      <Filter>Manager</Filter>
    </ClInclude>
    <ClInclude Include="Manager\GameObjectManager.h">
      <Filter>Manager</Filter>
    </ClInclude>
    <ClInclude Include="Manager\FacadeManager.h">
      <Filter>Manager</Filter>
    </ClInclude>
  </ItemGroup>
  <ItemGroup>
    <ClCompile Include="FrameWork_2DAPI.cpp">
      <Filter>소스 파일</Filter>
    </ClCompile>
    <ClCompile Include="Core\GameObject.cpp">
      <Filter>Core</Filter>
    </ClCompile>
    <ClCompile Include="Core\MyTime.cpp">
      <Filter>Core</Filter>
    </ClCompile>
    <ClCompile Include="Compoment\Component.cpp">
      <Filter>Compoment</Filter>
    </ClCompile>
    <ClCompile Include="Compoment\Transform.cpp">
      <Filter>Compoment</Filter>
    </ClCompile>
    <ClCompile Include="Scene\Scene.cpp">
      <Filter>Scene</Filter>
    </ClCompile>
    <ClCompile Include="BaseGame.cpp">
      <Filter>소스 파일</Filter>
    </ClCompile>
    <ClCompile Include="UICompoment\Button.cpp">
      <Filter>UICompoment</Filter>
    </ClCompile>
    <ClCompile Include="Core\InputManager.cpp">
      <Filter>Core</Filter>
    </ClCompile>
    <ClCompile Include="Compoment\ImageComponent.cpp">
      <Filter>Compoment</Filter>
    </ClCompile>
    <ClCompile Include="Compoment\Collider.cpp">
      <Filter>Compoment</Filter>
    </ClCompile>
    <ClCompile Include="Core\Material.cpp">
      <Filter>Core</Filter>
    </ClCompile>
    <ClCompile Include="Manager\ImageManager.cpp">
      <Filter>Manager</Filter>
    </ClCompile>
    <ClCompile Include="UICompoment\TextComponent.cpp">
      <Filter>UICompoment</Filter>
    </ClCompile>
    <ClCompile Include="UICompoment\RichTextComponent.cpp">
      <Filter>UICompoment</Filter>
    </ClCompile>
    <ClCompile Include="UICompoment\RichTextAndInputFieldComponent.cpp">
      <Filter>UICompoment</Filter>
    </ClCompile>
    <ClCompile Include="Compoment\Camera.cpp">
      <Filter>Compoment</Filter>
    </ClCompile>
    <ClCompile Include="Core\Viewport.cpp">
      <Filter>Core</Filter>
    </ClCompile>
    <ClCompile Include="Manager\CameraManager.cpp">
      <Filter>Manager</Filter>
    </ClCompile>
    <ClCompile Include="Manager\GameObjectManager.cpp">
      <Filter>Manager</Filter>
    </ClCompile>
    <ClCompile Include="Manager\FacadeManager.cpp">
      <Filter>Manager</Filter>
    </ClCompile>
  </ItemGroup>
  <ItemGroup>
    <ResourceCompile Include="FrameWork_2DAPI.rc">
      <Filter>리소스 파일</Filter>
    </ResourceCompile>
  </ItemGroup>
  <ItemGroup>
    <Image Include="small.ico">
      <Filter>리소스 파일</Filter>
    </Image>
    <Image Include="FrameWork_2DAPI.ico">
      <Filter>리소스 파일</Filter>
    </Image>
  </ItemGroup>
  <ItemGroup>
    <None Include="ClassDiagram.cd" />
  </ItemGroup>
</Project>